// !$*UTF8*$!
{
	archiveVersion = 1;
	classes = {
	};
	objectVersion = 46;
	objects = {

/* Begin PBXBuildFile section */
		CD6815C215503EE50098DA3A /* Cocoa.framework in Frameworks */ = {isa = PBXBuildFile; fileRef = CD6815C115503EE50098DA3A /* Cocoa.framework */; };
		CD6815CC15503EE50098DA3A /* InfoPlist.strings in Resources */ = {isa = PBXBuildFile; fileRef = CD6815CA15503EE50098DA3A /* InfoPlist.strings */; };
		CD6815CE15503EE50098DA3A /* main.m in Sources */ = {isa = PBXBuildFile; fileRef = CD6815CD15503EE50098DA3A /* main.m */; };
		CD6815D215503EE60098DA3A /* Credits.rtf in Resources */ = {isa = PBXBuildFile; fileRef = CD6815D015503EE60098DA3A /* Credits.rtf */; };
		CD6815D515503EE60098DA3A /* AppDelegate.m in Sources */ = {isa = PBXBuildFile; fileRef = CD6815D415503EE60098DA3A /* AppDelegate.m */; };
		CD6815D815503EE60098DA3A /* MainMenu.xib in Resources */ = {isa = PBXBuildFile; fileRef = CD6815D615503EE60098DA3A /* MainMenu.xib */; };
		CD9CCA88155195F00015545E /* plane.cpp in Sources */ = {isa = PBXBuildFile; fileRef = CD9CCA83155195F00015545E /* plane.cpp */; };
		CD9CCA89155195F00015545E /* sphere.cpp in Sources */ = {isa = PBXBuildFile; fileRef = CD9CCA86155195F00015545E /* sphere.cpp */; };
		CD9CCA8C1551960B0015545E /* geometry.cpp in Sources */ = {isa = PBXBuildFile; fileRef = CD9CCA8A1551960B0015545E /* geometry.cpp */; };
		CD9CCA91155196750015545E /* main.cpp in Sources */ = {isa = PBXBuildFile; fileRef = CD9CCA8F155196750015545E /* main.cpp */; };
		CD9CCA93155196860015545E /* gtest.framework in Frameworks */ = {isa = PBXBuildFile; fileRef = CD9CCA92155196860015545E /* gtest.framework */; };
		CD9CCA97155198050015545E /* geometrytests.cpp in Sources */ = {isa = PBXBuildFile; fileRef = CD9CCA96155198050015545E /* geometrytests.cpp */; };
		CDA9CE9615503F8400135971 /* AppController.mm in Sources */ = {isa = PBXBuildFile; fileRef = CDA9CE9515503F8400135971 /* AppController.mm */; };
/* End PBXBuildFile section */

/* Begin PBXCopyFilesBuildPhase section */
		CDA48C8A1550D728008D89AE /* CopyFiles */ = {
			isa = PBXCopyFilesBuildPhase;
			buildActionMask = 2147483647;
			dstPath = /usr/share/man/man1/;
			dstSubfolderSpec = 0;
			files = (
			);
			runOnlyForDeploymentPostprocessing = 1;
		};
/* End PBXCopyFilesBuildPhase section */

/* Begin PBXFileReference section */
		CD6815BD15503EE50098DA3A /* Aether.app */ = {isa = PBXFileReference; explicitFileType = wrapper.application; includeInIndex = 0; path = Aether.app; sourceTree = BUILT_PRODUCTS_DIR; };
		CD6815C115503EE50098DA3A /* Cocoa.framework */ = {isa = PBXFileReference; lastKnownFileType = wrapper.framework; name = Cocoa.framework; path = System/Library/Frameworks/Cocoa.framework; sourceTree = SDKROOT; };
		CD6815C415503EE50098DA3A /* AppKit.framework */ = {isa = PBXFileReference; lastKnownFileType = wrapper.framework; name = AppKit.framework; path = System/Library/Frameworks/AppKit.framework; sourceTree = SDKROOT; };
		CD6815C515503EE50098DA3A /* CoreData.framework */ = {isa = PBXFileReference; lastKnownFileType = wrapper.framework; name = CoreData.framework; path = System/Library/Frameworks/CoreData.framework; sourceTree = SDKROOT; };
		CD6815C615503EE50098DA3A /* Foundation.framework */ = {isa = PBXFileReference; lastKnownFileType = wrapper.framework; name = Foundation.framework; path = System/Library/Frameworks/Foundation.framework; sourceTree = SDKROOT; };
		CD6815C915503EE50098DA3A /* Aether-Info.plist */ = {isa = PBXFileReference; lastKnownFileType = text.plist.xml; path = "Aether-Info.plist"; sourceTree = "<group>"; };
		CD6815CB15503EE50098DA3A /* en */ = {isa = PBXFileReference; lastKnownFileType = text.plist.strings; name = en; path = en.lproj/InfoPlist.strings; sourceTree = "<group>"; };
		CD6815CD15503EE50098DA3A /* main.m */ = {isa = PBXFileReference; lastKnownFileType = sourcecode.c.objc; path = main.m; sourceTree = "<group>"; };
		CD6815CF15503EE60098DA3A /* Aether-Prefix.pch */ = {isa = PBXFileReference; lastKnownFileType = sourcecode.c.h; path = "Aether-Prefix.pch"; sourceTree = "<group>"; };
		CD6815D115503EE60098DA3A /* en */ = {isa = PBXFileReference; lastKnownFileType = text.rtf; name = en; path = en.lproj/Credits.rtf; sourceTree = "<group>"; };
		CD6815D315503EE60098DA3A /* AppDelegate.h */ = {isa = PBXFileReference; lastKnownFileType = sourcecode.c.h; path = AppDelegate.h; sourceTree = "<group>"; };
		CD6815D415503EE60098DA3A /* AppDelegate.m */ = {isa = PBXFileReference; lastKnownFileType = sourcecode.c.objc; path = AppDelegate.m; sourceTree = "<group>"; };
		CD6815D715503EE60098DA3A /* en */ = {isa = PBXFileReference; lastKnownFileType = file.xib; name = en; path = en.lproj/MainMenu.xib; sourceTree = "<group>"; };
		CD9CCA83155195F00015545E /* plane.cpp */ = {isa = PBXFileReference; fileEncoding = 4; lastKnownFileType = sourcecode.cpp.cpp; name = plane.cpp; path = engine/shapes/plane.cpp; sourceTree = SOURCE_ROOT; };
		CD9CCA84155195F00015545E /* plane.h */ = {isa = PBXFileReference; fileEncoding = 4; lastKnownFileType = sourcecode.c.h; name = plane.h; path = engine/shapes/plane.h; sourceTree = SOURCE_ROOT; };
		CD9CCA85155195F00015545E /* shape.h */ = {isa = PBXFileReference; fileEncoding = 4; lastKnownFileType = sourcecode.c.h; name = shape.h; path = engine/shapes/shape.h; sourceTree = SOURCE_ROOT; };
		CD9CCA86155195F00015545E /* sphere.cpp */ = {isa = PBXFileReference; fileEncoding = 4; lastKnownFileType = sourcecode.cpp.cpp; name = sphere.cpp; path = engine/shapes/sphere.cpp; sourceTree = SOURCE_ROOT; };
		CD9CCA87155195F00015545E /* sphere.h */ = {isa = PBXFileReference; fileEncoding = 4; lastKnownFileType = sourcecode.c.h; name = sphere.h; path = engine/shapes/sphere.h; sourceTree = SOURCE_ROOT; };
		CD9CCA8A1551960B0015545E /* geometry.cpp */ = {isa = PBXFileReference; fileEncoding = 4; lastKnownFileType = sourcecode.cpp.cpp; name = geometry.cpp; path = engine/math/geometry.cpp; sourceTree = SOURCE_ROOT; };
		CD9CCA8B1551960B0015545E /* geometry.h */ = {isa = PBXFileReference; fileEncoding = 4; lastKnownFileType = sourcecode.c.h; name = geometry.h; path = engine/math/geometry.h; sourceTree = SOURCE_ROOT; };
		CD9CCA8D1551961D0015545E /* shaderec.h */ = {isa = PBXFileReference; fileEncoding = 4; lastKnownFileType = sourcecode.c.h; name = shaderec.h; path = engine/shaderec.h; sourceTree = SOURCE_ROOT; };
		CD9CCA8F155196750015545E /* main.cpp */ = {isa = PBXFileReference; fileEncoding = 4; lastKnownFileType = sourcecode.cpp.cpp; name = main.cpp; path = tests/main.cpp; sourceTree = "<group>"; };
		CD9CCA92155196860015545E /* gtest.framework */ = {isa = PBXFileReference; lastKnownFileType = wrapper.framework; name = gtest.framework; path = tests/3rdparty/gtest.framework; sourceTree = "<group>"; };
		CD9CCA96155198050015545E /* geometrytests.cpp */ = {isa = PBXFileReference; fileEncoding = 4; lastKnownFileType = sourcecode.cpp.cpp; path = geometrytests.cpp; sourceTree = "<group>"; };
		CDA48C8C1550D728008D89AE /* Test */ = {isa = PBXFileReference; explicitFileType = "compiled.mach-o.executable"; includeInIndex = 0; path = Test; sourceTree = BUILT_PRODUCTS_DIR; };
		CDA9CE9415503F8400135971 /* AppController.h */ = {isa = PBXFileReference; fileEncoding = 4; lastKnownFileType = sourcecode.c.h; path = AppController.h; sourceTree = "<group>"; };
		CDA9CE9515503F8400135971 /* AppController.mm */ = {isa = PBXFileReference; fileEncoding = 4; lastKnownFileType = sourcecode.cpp.objcpp; path = AppController.mm; sourceTree = "<group>"; };
/* End PBXFileReference section */

/* Begin PBXFrameworksBuildPhase section */
		CD6815BA15503EE50098DA3A /* Frameworks */ = {
			isa = PBXFrameworksBuildPhase;
			buildActionMask = 2147483647;
			files = (
				CD6815C215503EE50098DA3A /* Cocoa.framework in Frameworks */,
			);
			runOnlyForDeploymentPostprocessing = 0;
		};
		CDA48C891550D728008D89AE /* Frameworks */ = {
			isa = PBXFrameworksBuildPhase;
			buildActionMask = 2147483647;
			files = (
				CD9CCA93155196860015545E /* gtest.framework in Frameworks */,
			);
			runOnlyForDeploymentPostprocessing = 0;
		};
/* End PBXFrameworksBuildPhase section */

/* Begin PBXGroup section */
		CD6815B215503EE50098DA3A = {
			isa = PBXGroup;
			children = (
				CDA48C4A155046CC008D89AE /* Engine */,
				CD6815C715503EE50098DA3A /* GUI */,
				CDA48C6E1550D5DF008D89AE /* Tests */,
				CD6815C015503EE50098DA3A /* Frameworks */,
				CD6815BE15503EE50098DA3A /* Products */,
			);
			sourceTree = "<group>";
		};
		CD6815BE15503EE50098DA3A /* Products */ = {
			isa = PBXGroup;
			children = (
				CD6815BD15503EE50098DA3A /* Aether.app */,
				CDA48C8C1550D728008D89AE /* Test */,
			);
			name = Products;
			sourceTree = "<group>";
		};
		CD6815C015503EE50098DA3A /* Frameworks */ = {
			isa = PBXGroup;
			children = (
				CD9CCA92155196860015545E /* gtest.framework */,
				CD6815C115503EE50098DA3A /* Cocoa.framework */,
				CD6815C315503EE50098DA3A /* Other Frameworks */,
			);
			name = Frameworks;
			sourceTree = "<group>";
		};
		CD6815C315503EE50098DA3A /* Other Frameworks */ = {
			isa = PBXGroup;
			children = (
				CD6815C415503EE50098DA3A /* AppKit.framework */,
				CD6815C515503EE50098DA3A /* CoreData.framework */,
				CD6815C615503EE50098DA3A /* Foundation.framework */,
			);
			name = "Other Frameworks";
			sourceTree = "<group>";
		};
		CD6815C715503EE50098DA3A /* GUI */ = {
			isa = PBXGroup;
			children = (
				CDA9CE9415503F8400135971 /* AppController.h */,
				CDA9CE9515503F8400135971 /* AppController.mm */,
				CD6815D315503EE60098DA3A /* AppDelegate.h */,
				CD6815D415503EE60098DA3A /* AppDelegate.m */,
				CD6815D615503EE60098DA3A /* MainMenu.xib */,
				CD6815C815503EE50098DA3A /* Supporting Files */,
			);
			name = GUI;
			path = gui/osx;
			sourceTree = "<group>";
		};
		CD6815C815503EE50098DA3A /* Supporting Files */ = {
			isa = PBXGroup;
			children = (
				CD6815C915503EE50098DA3A /* Aether-Info.plist */,
				CD6815CA15503EE50098DA3A /* InfoPlist.strings */,
				CD6815CD15503EE50098DA3A /* main.m */,
				CD6815CF15503EE60098DA3A /* Aether-Prefix.pch */,
				CD6815D015503EE60098DA3A /* Credits.rtf */,
			);
			name = "Supporting Files";
			sourceTree = "<group>";
		};
		CD9CCA81155194DA0015545E /* shapes */ = {
			isa = PBXGroup;
			children = (
				CD9CCA83155195F00015545E /* plane.cpp */,
				CD9CCA84155195F00015545E /* plane.h */,
				CD9CCA85155195F00015545E /* shape.h */,
				CD9CCA86155195F00015545E /* sphere.cpp */,
				CD9CCA87155195F00015545E /* sphere.h */,
			);
			name = shapes;
			path = engine/shapes;
			sourceTree = SOURCE_ROOT;
		};
		CD9CCA82155195840015545E /* math */ = {
			isa = PBXGroup;
			children = (
				CD9CCA8A1551960B0015545E /* geometry.cpp */,
				CD9CCA8B1551960B0015545E /* geometry.h */,
			);
			name = math;
			path = engine/math;
			sourceTree = SOURCE_ROOT;
		};
		CD9CCA95155197E80015545E /* math */ = {
			isa = PBXGroup;
			children = (
				CD9CCA96155198050015545E /* geometrytests.cpp */,
			);
			name = math;
			path = tests/math;
			sourceTree = SOURCE_ROOT;
		};
		CDA48C4A155046CC008D89AE /* Engine */ = {
			isa = PBXGroup;
			children = (
				CD9CCA8D1551961D0015545E /* shaderec.h */,
				CD9CCA82155195840015545E /* math */,
				CD9CCA81155194DA0015545E /* shapes */,
			);
			name = Engine;
			path = engine;
			sourceTree = "<group>";
		};
		CDA48C6E1550D5DF008D89AE /* Tests */ = {
			isa = PBXGroup;
			children = (
				CD9CCA95155197E80015545E /* math */,
				CD9CCA8F155196750015545E /* main.cpp */,
			);
			name = Tests;
			sourceTree = "<group>";
		};
/* End PBXGroup section */

/* Begin PBXNativeTarget section */
		CD6815BC15503EE50098DA3A /* Aether */ = {
			isa = PBXNativeTarget;
			buildConfigurationList = CD6815DB15503EE60098DA3A /* Build configuration list for PBXNativeTarget "Aether" */;
			buildPhases = (
				CD6815B915503EE50098DA3A /* Sources */,
				CD6815BA15503EE50098DA3A /* Frameworks */,
				CD6815BB15503EE50098DA3A /* Resources */,
			);
			buildRules = (
			);
			dependencies = (
			);
			name = Aether;
			productName = Aether;
			productReference = CD6815BD15503EE50098DA3A /* Aether.app */;
			productType = "com.apple.product-type.application";
		};
		CDA48C8B1550D728008D89AE /* Test */ = {
			isa = PBXNativeTarget;
			buildConfigurationList = CDA48C931550D728008D89AE /* Build configuration list for PBXNativeTarget "Test" */;
			buildPhases = (
				CDA48C881550D728008D89AE /* Sources */,
				CDA48C891550D728008D89AE /* Frameworks */,
				CDA48C8A1550D728008D89AE /* CopyFiles */,
			);
			buildRules = (
			);
			dependencies = (
			);
			name = Test;
			productName = Test;
			productReference = CDA48C8C1550D728008D89AE /* Test */;
			productType = "com.apple.product-type.tool";
		};
/* End PBXNativeTarget section */

/* Begin PBXProject section */
		CD6815B415503EE50098DA3A /* Project object */ = {
			isa = PBXProject;
			attributes = {
				LastUpgradeCheck = 0430;
			};
			buildConfigurationList = CD6815B715503EE50098DA3A /* Build configuration list for PBXProject "aether" */;
			compatibilityVersion = "Xcode 3.2";
			developmentRegion = English;
			hasScannedForEncodings = 0;
			knownRegions = (
				en,
			);
			mainGroup = CD6815B215503EE50098DA3A;
			productRefGroup = CD6815BE15503EE50098DA3A /* Products */;
			projectDirPath = "";
			projectRoot = "";
			targets = (
				CD6815BC15503EE50098DA3A /* Aether */,
				CDA48C8B1550D728008D89AE /* Test */,
			);
		};
/* End PBXProject section */

/* Begin PBXResourcesBuildPhase section */
		CD6815BB15503EE50098DA3A /* Resources */ = {
			isa = PBXResourcesBuildPhase;
			buildActionMask = 2147483647;
			files = (
				CD6815CC15503EE50098DA3A /* InfoPlist.strings in Resources */,
				CD6815D215503EE60098DA3A /* Credits.rtf in Resources */,
				CD6815D815503EE60098DA3A /* MainMenu.xib in Resources */,
			);
			runOnlyForDeploymentPostprocessing = 0;
		};
/* End PBXResourcesBuildPhase section */

/* Begin PBXSourcesBuildPhase section */
		CD6815B915503EE50098DA3A /* Sources */ = {
			isa = PBXSourcesBuildPhase;
			buildActionMask = 2147483647;
			files = (
				CD6815CE15503EE50098DA3A /* main.m in Sources */,
				CD6815D515503EE60098DA3A /* AppDelegate.m in Sources */,
				CDA9CE9615503F8400135971 /* AppController.mm in Sources */,
				CD9CCA88155195F00015545E /* plane.cpp in Sources */,
				CD9CCA89155195F00015545E /* sphere.cpp in Sources */,
				CD9CCA8C1551960B0015545E /* geometry.cpp in Sources */,
			);
			runOnlyForDeploymentPostprocessing = 0;
		};
		CDA48C881550D728008D89AE /* Sources */ = {
			isa = PBXSourcesBuildPhase;
			buildActionMask = 2147483647;
			files = (
				CD9CCA91155196750015545E /* main.cpp in Sources */,
				CD9CCA97155198050015545E /* geometrytests.cpp in Sources */,
			);
			runOnlyForDeploymentPostprocessing = 0;
		};
/* End PBXSourcesBuildPhase section */

/* Begin PBXVariantGroup section */
		CD6815CA15503EE50098DA3A /* InfoPlist.strings */ = {
			isa = PBXVariantGroup;
			children = (
				CD6815CB15503EE50098DA3A /* en */,
			);
			name = InfoPlist.strings;
			sourceTree = "<group>";
		};
		CD6815D015503EE60098DA3A /* Credits.rtf */ = {
			isa = PBXVariantGroup;
			children = (
				CD6815D115503EE60098DA3A /* en */,
			);
			name = Credits.rtf;
			sourceTree = "<group>";
		};
		CD6815D615503EE60098DA3A /* MainMenu.xib */ = {
			isa = PBXVariantGroup;
			children = (
				CD6815D715503EE60098DA3A /* en */,
			);
			name = MainMenu.xib;
			sourceTree = "<group>";
		};
/* End PBXVariantGroup section */

/* Begin XCBuildConfiguration section */
		CD6815D915503EE60098DA3A /* Debug */ = {
			isa = XCBuildConfiguration;
			buildSettings = {
				ALWAYS_SEARCH_USER_PATHS = NO;
				ARCHS = "$(ARCHS_STANDARD_64_BIT)";
				CLANG_ENABLE_OBJC_ARC = YES;
				COPY_PHASE_STRIP = NO;
				GCC_C_LANGUAGE_STANDARD = gnu99;
				GCC_DYNAMIC_NO_PIC = NO;
				GCC_ENABLE_OBJC_EXCEPTIONS = YES;
				GCC_OPTIMIZATION_LEVEL = 0;
				GCC_PREPROCESSOR_DEFINITIONS = (
					"DEBUG=1",
					"$(inherited)",
				);
				GCC_SYMBOLS_PRIVATE_EXTERN = NO;
				GCC_VERSION = com.apple.compilers.llvm.clang.1_0;
				GCC_WARN_64_TO_32_BIT_CONVERSION = YES;
				GCC_WARN_ABOUT_RETURN_TYPE = YES;
				GCC_WARN_UNINITIALIZED_AUTOS = YES;
				GCC_WARN_UNUSED_VARIABLE = YES;
				MACOSX_DEPLOYMENT_TARGET = 10.7;
				ONLY_ACTIVE_ARCH = YES;
				SDKROOT = macosx;
			};
			name = Debug;
		};
		CD6815DA15503EE60098DA3A /* Release */ = {
			isa = XCBuildConfiguration;
			buildSettings = {
				ALWAYS_SEARCH_USER_PATHS = NO;
				ARCHS = "$(ARCHS_STANDARD_64_BIT)";
				CLANG_ENABLE_OBJC_ARC = YES;
				COPY_PHASE_STRIP = YES;
				DEBUG_INFORMATION_FORMAT = "dwarf-with-dsym";
				GCC_C_LANGUAGE_STANDARD = gnu99;
				GCC_ENABLE_OBJC_EXCEPTIONS = YES;
				GCC_VERSION = com.apple.compilers.llvm.clang.1_0;
				GCC_WARN_64_TO_32_BIT_CONVERSION = YES;
				GCC_WARN_ABOUT_RETURN_TYPE = YES;
				GCC_WARN_UNINITIALIZED_AUTOS = YES;
				GCC_WARN_UNUSED_VARIABLE = YES;
				MACOSX_DEPLOYMENT_TARGET = 10.7;
				SDKROOT = macosx;
			};
			name = Release;
		};
		CD6815DC15503EE60098DA3A /* Debug */ = {
			isa = XCBuildConfiguration;
			buildSettings = {
				CLANG_CXX_LANGUAGE_STANDARD = "c++0x";
				CLANG_CXX_LIBRARY = "libc++";
				FRAMEWORK_SEARCH_PATHS = (
					"$(inherited)",
					"\"$(SRCROOT)/tests/3rdparty\"",
				);
				GCC_PRECOMPILE_PREFIX_HEADER = YES;
				GCC_PREFIX_HEADER = "gui/osx/Aether-Prefix.pch";
				INFOPLIST_FILE = "gui/osx/Aether-Info.plist";
				PRODUCT_NAME = "$(TARGET_NAME)";
				USER_HEADER_SEARCH_PATHS = "$(inherited) \"$(SRCROOT)/tests/3rdparty\"";
				WRAPPER_EXTENSION = app;
			};
			name = Debug;
		};
		CD6815DD15503EE60098DA3A /* Release */ = {
			isa = XCBuildConfiguration;
			buildSettings = {
				CLANG_CXX_LANGUAGE_STANDARD = "c++0x";
				CLANG_CXX_LIBRARY = "libc++";
				FRAMEWORK_SEARCH_PATHS = (
					"$(inherited)",
					"\"$(SRCROOT)/tests/3rdparty\"",
				);
				GCC_PRECOMPILE_PREFIX_HEADER = YES;
				GCC_PREFIX_HEADER = "gui/osx/Aether-Prefix.pch";
				INFOPLIST_FILE = "gui/osx/Aether-Info.plist";
				PRODUCT_NAME = "$(TARGET_NAME)";
				USER_HEADER_SEARCH_PATHS = "$(inherited) \"$(SRCROOT)/tests/3rdparty\"";
				WRAPPER_EXTENSION = app;
			};
			name = Release;
		};
		CDA48C941550D728008D89AE /* Debug */ = {
			isa = XCBuildConfiguration;
			buildSettings = {
				FRAMEWORK_SEARCH_PATHS = (
					"$(inherited)",
					"\"$(SRCROOT)/../tools\"",
					"\"$(SRCROOT)/tests/3rdparty\"",
				);
				PRODUCT_NAME = "$(TARGET_NAME)";
				USER_HEADER_SEARCH_PATHS = "$(inherited) \"$(SRCROOT)/../tools\" \"$(SRCROOT)/tests/3rdparty\"";
			};
			name = Debug;
		};
		CDA48C951550D728008D89AE /* Release */ = {
			isa = XCBuildConfiguration;
			buildSettings = {
				FRAMEWORK_SEARCH_PATHS = (
					"$(inherited)",
					"\"$(SRCROOT)/../tools\"",
					"\"$(SRCROOT)/tests/3rdparty\"",
				);
				PRODUCT_NAME = "$(TARGET_NAME)";
				USER_HEADER_SEARCH_PATHS = "$(inherited) \"$(SRCROOT)/../tools\" \"$(SRCROOT)/tests/3rdparty\"";
			};
			name = Release;
		};
/* End XCBuildConfiguration section */

/* Begin XCConfigurationList section */
		CD6815B715503EE50098DA3A /* Build configuration list for PBXProject "aether" */ = {
			isa = XCConfigurationList;
			buildConfigurations = (
				CD6815D915503EE60098DA3A /* Debug */,
				CD6815DA15503EE60098DA3A /* Release */,
			);
			defaultConfigurationIsVisible = 0;
			defaultConfigurationName = Release;
		};
		CD6815DB15503EE60098DA3A /* Build configuration list for PBXNativeTarget "Aether" */ = {
			isa = XCConfigurationList;
			buildConfigurations = (
				CD6815DC15503EE60098DA3A /* Debug */,
				CD6815DD15503EE60098DA3A /* Release */,
			);
			defaultConfigurationIsVisible = 0;
			defaultConfigurationName = Release;
		};
		CDA48C931550D728008D89AE /* Build configuration list for PBXNativeTarget "Test" */ = {
			isa = XCConfigurationList;
			buildConfigurations = (
				CDA48C941550D728008D89AE /* Debug */,
				CDA48C951550D728008D89AE /* Release */,
			);
			defaultConfigurationIsVisible = 0;
			defaultConfigurationName = Release;
		};
/* End XCConfigurationList section */
	};
	rootObject = CD6815B415503EE50098DA3A /* Project object */;
}
