// !$*UTF8*$!
{
	archiveVersion = 1;
	classes = {
	};
	objectVersion = 46;
	objects = {

/* Begin PBXBuildFile section */
		CD3C114B1552B27100961F4D /* Camera.cpp in Sources */ = {isa = PBXBuildFile; fileRef = CD3C114A1552B27100961F4D /* Camera.cpp */; };
		CD3C114C1552B27100961F4D /* Camera.cpp in Sources */ = {isa = PBXBuildFile; fileRef = CD3C114A1552B27100961F4D /* Camera.cpp */; };
		CD3C11501552CE6700961F4D /* PlaneTests.cpp in Sources */ = {isa = PBXBuildFile; fileRef = CD3C114F1552CE6700961F4D /* PlaneTests.cpp */; };
		CD3C11761552EA9200961F4D /* Scene.cpp in Sources */ = {isa = PBXBuildFile; fileRef = CD3C11751552EA9200961F4D /* Scene.cpp */; };
		CD3C11771552EA9200961F4D /* Scene.cpp in Sources */ = {isa = PBXBuildFile; fileRef = CD3C11751552EA9200961F4D /* Scene.cpp */; };
		CD3C117A15544E2800961F4D /* Color.cpp in Sources */ = {isa = PBXBuildFile; fileRef = CD3C117915544E2800961F4D /* Color.cpp */; };
		CD3C117B15544E2800961F4D /* Color.cpp in Sources */ = {isa = PBXBuildFile; fileRef = CD3C117915544E2800961F4D /* Color.cpp */; };
		CD3C117D1554512200961F4D /* Aether.cpp in Sources */ = {isa = PBXBuildFile; fileRef = CD3C117C1554512200961F4D /* Aether.cpp */; };
		CD3C117E1554512200961F4D /* Aether.cpp in Sources */ = {isa = PBXBuildFile; fileRef = CD3C117C1554512200961F4D /* Aether.cpp */; };
		CD3C11821554565200961F4D /* RegularSampler.cpp in Sources */ = {isa = PBXBuildFile; fileRef = CD3C11811554565200961F4D /* RegularSampler.cpp */; };
		CD3C11831554565200961F4D /* RegularSampler.cpp in Sources */ = {isa = PBXBuildFile; fileRef = CD3C11811554565200961F4D /* RegularSampler.cpp */; };
		CD3C11851554567D00961F4D /* Sampler.cpp in Sources */ = {isa = PBXBuildFile; fileRef = CD3C11841554567D00961F4D /* Sampler.cpp */; };
		CD3C11861554567D00961F4D /* Sampler.cpp in Sources */ = {isa = PBXBuildFile; fileRef = CD3C11841554567D00961F4D /* Sampler.cpp */; };
		CD3C1188155511DD00961F4D /* Sample.cpp in Sources */ = {isa = PBXBuildFile; fileRef = CD3C1187155511DC00961F4D /* Sample.cpp */; };
		CD3C1189155511DD00961F4D /* Sample.cpp in Sources */ = {isa = PBXBuildFile; fileRef = CD3C1187155511DC00961F4D /* Sample.cpp */; };
		CD3C118B1555122E00961F4D /* InMemoryFilm.cpp in Sources */ = {isa = PBXBuildFile; fileRef = CD3C118A1555122E00961F4D /* InMemoryFilm.cpp */; };
		CD3C118C1555122E00961F4D /* InMemoryFilm.cpp in Sources */ = {isa = PBXBuildFile; fileRef = CD3C118A1555122E00961F4D /* InMemoryFilm.cpp */; };
		CD3C118E155514E900961F4D /* OrthographicCamera.cpp in Sources */ = {isa = PBXBuildFile; fileRef = CD3C118D155514E900961F4D /* OrthographicCamera.cpp */; };
		CD3C118F155514E900961F4D /* OrthographicCamera.cpp in Sources */ = {isa = PBXBuildFile; fileRef = CD3C118D155514E900961F4D /* OrthographicCamera.cpp */; };
		CD3C11911555156B00961F4D /* ProjectionCamera.cpp in Sources */ = {isa = PBXBuildFile; fileRef = CD3C11901555156B00961F4D /* ProjectionCamera.cpp */; };
		CD3C11921555156B00961F4D /* ProjectionCamera.cpp in Sources */ = {isa = PBXBuildFile; fileRef = CD3C11901555156B00961F4D /* ProjectionCamera.cpp */; };
		CD3C119815552A4300961F4D /* RegularSamplerTests.cpp in Sources */ = {isa = PBXBuildFile; fileRef = CD3C11951555281000961F4D /* RegularSamplerTests.cpp */; };
		CD3C119A155535A900961F4D /* Matrix3D.cpp in Sources */ = {isa = PBXBuildFile; fileRef = CD3C1199155535A900961F4D /* Matrix3D.cpp */; };
		CD3C119B155535A900961F4D /* Matrix3D.cpp in Sources */ = {isa = PBXBuildFile; fileRef = CD3C1199155535A900961F4D /* Matrix3D.cpp */; };
		CD3C119D15559A6D00961F4D /* Film.cpp in Sources */ = {isa = PBXBuildFile; fileRef = CD3C119C15559A6D00961F4D /* Film.cpp */; };
		CD3C119E15559A6D00961F4D /* Film.cpp in Sources */ = {isa = PBXBuildFile; fileRef = CD3C119C15559A6D00961F4D /* Film.cpp */; };
		CD3C11A115559F8A00961F4D /* PinholeCamera.cpp in Sources */ = {isa = PBXBuildFile; fileRef = CD3C11A015559F8900961F4D /* PinholeCamera.cpp */; };
		CD3C11A215559F8A00961F4D /* PinholeCamera.cpp in Sources */ = {isa = PBXBuildFile; fileRef = CD3C11A015559F8900961F4D /* PinholeCamera.cpp */; };
		CD6815C215503EE50098DA3A /* Cocoa.framework in Frameworks */ = {isa = PBXBuildFile; fileRef = CD6815C115503EE50098DA3A /* Cocoa.framework */; };
		CD6815CC15503EE50098DA3A /* InfoPlist.strings in Resources */ = {isa = PBXBuildFile; fileRef = CD6815CA15503EE50098DA3A /* InfoPlist.strings */; };
		CD6815CE15503EE50098DA3A /* main.m in Sources */ = {isa = PBXBuildFile; fileRef = CD6815CD15503EE50098DA3A /* main.m */; };
		CD6815D215503EE60098DA3A /* Credits.rtf in Resources */ = {isa = PBXBuildFile; fileRef = CD6815D015503EE60098DA3A /* Credits.rtf */; };
		CD6815D515503EE60098DA3A /* AppDelegate.m in Sources */ = {isa = PBXBuildFile; fileRef = CD6815D415503EE60098DA3A /* AppDelegate.m */; };
		CD6815D815503EE60098DA3A /* MainMenu.xib in Resources */ = {isa = PBXBuildFile; fileRef = CD6815D615503EE60098DA3A /* MainMenu.xib */; };
		CDA821431551A0A8002C6BCB /* main.cpp in Sources */ = {isa = PBXBuildFile; fileRef = CDA821421551A0A8002C6BCB /* main.cpp */; };
		CDA821601551AE16002C6BCB /* Normal3D.cpp in Sources */ = {isa = PBXBuildFile; fileRef = CDA821591551AE16002C6BCB /* Normal3D.cpp */; };
		CDA821611551AE16002C6BCB /* Normal3D.cpp in Sources */ = {isa = PBXBuildFile; fileRef = CDA821591551AE16002C6BCB /* Normal3D.cpp */; };
		CDA821621551AE16002C6BCB /* Point3D.cpp in Sources */ = {isa = PBXBuildFile; fileRef = CDA8215B1551AE16002C6BCB /* Point3D.cpp */; };
		CDA821631551AE16002C6BCB /* Point3D.cpp in Sources */ = {isa = PBXBuildFile; fileRef = CDA8215B1551AE16002C6BCB /* Point3D.cpp */; };
		CDA821641551AE16002C6BCB /* Vector3D.cpp in Sources */ = {isa = PBXBuildFile; fileRef = CDA8215E1551AE16002C6BCB /* Vector3D.cpp */; };
		CDA821651551AE16002C6BCB /* Vector3D.cpp in Sources */ = {isa = PBXBuildFile; fileRef = CDA8215E1551AE16002C6BCB /* Vector3D.cpp */; };
		CDA8216B1551AE2F002C6BCB /* Plane.cpp in Sources */ = {isa = PBXBuildFile; fileRef = CDA821661551AE2F002C6BCB /* Plane.cpp */; };
		CDA8216C1551AE2F002C6BCB /* Plane.cpp in Sources */ = {isa = PBXBuildFile; fileRef = CDA821661551AE2F002C6BCB /* Plane.cpp */; };
		CDA8216D1551AE2F002C6BCB /* Sphere.cpp in Sources */ = {isa = PBXBuildFile; fileRef = CDA821691551AE2F002C6BCB /* Sphere.cpp */; };
		CDA8216E1551AE2F002C6BCB /* Sphere.cpp in Sources */ = {isa = PBXBuildFile; fileRef = CDA821691551AE2F002C6BCB /* Sphere.cpp */; };
		CDA821701551AE8C002C6BCB /* SphereTests.cpp in Sources */ = {isa = PBXBuildFile; fileRef = CDA8216F1551AE8C002C6BCB /* SphereTests.cpp */; };
		CDA821721551AEB6002C6BCB /* Vector3DTests.cpp in Sources */ = {isa = PBXBuildFile; fileRef = CDA821711551AEB6002C6BCB /* Vector3DTests.cpp */; };
		CDA9CE9615503F8400135971 /* AppController.mm in Sources */ = {isa = PBXBuildFile; fileRef = CDA9CE9515503F8400135971 /* AppController.mm */; };
/* End PBXBuildFile section */

/* Begin PBXCopyFilesBuildPhase section */
		CDA48C8A1550D728008D89AE /* CopyFiles */ = {
			isa = PBXCopyFilesBuildPhase;
			buildActionMask = 2147483647;
			dstPath = /usr/share/man/man1/;
			dstSubfolderSpec = 0;
			files = (
			);
			runOnlyForDeploymentPostprocessing = 1;
		};
/* End PBXCopyFilesBuildPhase section */

/* Begin PBXFileReference section */
		CD3C114A1552B27100961F4D /* Camera.cpp */ = {isa = PBXFileReference; fileEncoding = 4; lastKnownFileType = sourcecode.cpp.cpp; path = Camera.cpp; sourceTree = "<group>"; };
		CD3C114E1552CDE800961F4D /* Matrix3D.h */ = {isa = PBXFileReference; lastKnownFileType = sourcecode.c.h; path = Matrix3D.h; sourceTree = SOURCE_ROOT; };
		CD3C114F1552CE6700961F4D /* PlaneTests.cpp */ = {isa = PBXFileReference; fileEncoding = 4; lastKnownFileType = sourcecode.cpp.cpp; path = PlaneTests.cpp; sourceTree = SOURCE_ROOT; };
		CD3C11721552E49B00961F4D /* Sample.h */ = {isa = PBXFileReference; lastKnownFileType = sourcecode.c.h; path = Sample.h; sourceTree = "<group>"; };
		CD3C11731552E6E100961F4D /* OrthographicCamera.h */ = {isa = PBXFileReference; lastKnownFileType = sourcecode.c.h; path = OrthographicCamera.h; sourceTree = "<group>"; };
		CD3C11741552E79700961F4D /* ProjectionCamera.h */ = {isa = PBXFileReference; lastKnownFileType = sourcecode.c.h; path = ProjectionCamera.h; sourceTree = "<group>"; };
		CD3C11751552EA9200961F4D /* Scene.cpp */ = {isa = PBXFileReference; fileEncoding = 4; lastKnownFileType = sourcecode.cpp.cpp; path = Scene.cpp; sourceTree = "<group>"; };
		CD3C11781552ED0E00961F4D /* Sampler.h */ = {isa = PBXFileReference; lastKnownFileType = sourcecode.c.h; path = Sampler.h; sourceTree = "<group>"; };
		CD3C117915544E2800961F4D /* Color.cpp */ = {isa = PBXFileReference; fileEncoding = 4; lastKnownFileType = sourcecode.cpp.cpp; path = Color.cpp; sourceTree = "<group>"; };
		CD3C117C1554512200961F4D /* Aether.cpp */ = {isa = PBXFileReference; fileEncoding = 4; lastKnownFileType = sourcecode.cpp.cpp; path = Aether.cpp; sourceTree = "<group>"; };
		CD3C117F1554521E00961F4D /* InMemoryFilm.h */ = {isa = PBXFileReference; lastKnownFileType = sourcecode.c.h; path = InMemoryFilm.h; sourceTree = "<group>"; };
		CD3C11801554561200961F4D /* RegularSampler.h */ = {isa = PBXFileReference; lastKnownFileType = sourcecode.c.h; path = RegularSampler.h; sourceTree = "<group>"; };
		CD3C11811554565200961F4D /* RegularSampler.cpp */ = {isa = PBXFileReference; fileEncoding = 4; lastKnownFileType = sourcecode.cpp.cpp; path = RegularSampler.cpp; sourceTree = "<group>"; };
		CD3C11841554567D00961F4D /* Sampler.cpp */ = {isa = PBXFileReference; fileEncoding = 4; lastKnownFileType = sourcecode.cpp.cpp; path = Sampler.cpp; sourceTree = "<group>"; };
		CD3C1187155511DC00961F4D /* Sample.cpp */ = {isa = PBXFileReference; fileEncoding = 4; lastKnownFileType = sourcecode.cpp.cpp; path = Sample.cpp; sourceTree = "<group>"; };
		CD3C118A1555122E00961F4D /* InMemoryFilm.cpp */ = {isa = PBXFileReference; fileEncoding = 4; lastKnownFileType = sourcecode.cpp.cpp; path = InMemoryFilm.cpp; sourceTree = "<group>"; };
		CD3C118D155514E900961F4D /* OrthographicCamera.cpp */ = {isa = PBXFileReference; fileEncoding = 4; lastKnownFileType = sourcecode.cpp.cpp; path = OrthographicCamera.cpp; sourceTree = "<group>"; };
		CD3C11901555156B00961F4D /* ProjectionCamera.cpp */ = {isa = PBXFileReference; fileEncoding = 4; lastKnownFileType = sourcecode.cpp.cpp; path = ProjectionCamera.cpp; sourceTree = "<group>"; };
		CD3C11931555186100961F4D /* Aether.h */ = {isa = PBXFileReference; lastKnownFileType = sourcecode.c.h; path = Aether.h; sourceTree = "<group>"; };
		CD3C11951555281000961F4D /* RegularSamplerTests.cpp */ = {isa = PBXFileReference; fileEncoding = 4; lastKnownFileType = sourcecode.cpp.cpp; path = RegularSamplerTests.cpp; sourceTree = "<group>"; };
		CD3C1199155535A900961F4D /* Matrix3D.cpp */ = {isa = PBXFileReference; fileEncoding = 4; lastKnownFileType = sourcecode.cpp.cpp; path = Matrix3D.cpp; sourceTree = SOURCE_ROOT; };
		CD3C119C15559A6D00961F4D /* Film.cpp */ = {isa = PBXFileReference; fileEncoding = 4; lastKnownFileType = sourcecode.cpp.cpp; path = Film.cpp; sourceTree = "<group>"; };
		CD3C119F15559F6800961F4D /* PinholeCamera.h */ = {isa = PBXFileReference; lastKnownFileType = sourcecode.c.h; path = PinholeCamera.h; sourceTree = "<group>"; };
		CD3C11A015559F8900961F4D /* PinholeCamera.cpp */ = {isa = PBXFileReference; fileEncoding = 4; lastKnownFileType = sourcecode.cpp.cpp; path = PinholeCamera.cpp; sourceTree = "<group>"; };
		CD6328521551B06400DADA5F /* Camera.h */ = {isa = PBXFileReference; lastKnownFileType = sourcecode.c.h; path = Camera.h; sourceTree = "<group>"; };
		CD6815BD15503EE50098DA3A /* Aether.app */ = {isa = PBXFileReference; explicitFileType = wrapper.application; includeInIndex = 0; path = Aether.app; sourceTree = BUILT_PRODUCTS_DIR; };
		CD6815C115503EE50098DA3A /* Cocoa.framework */ = {isa = PBXFileReference; lastKnownFileType = wrapper.framework; name = Cocoa.framework; path = System/Library/Frameworks/Cocoa.framework; sourceTree = SDKROOT; };
		CD6815C415503EE50098DA3A /* AppKit.framework */ = {isa = PBXFileReference; lastKnownFileType = wrapper.framework; name = AppKit.framework; path = System/Library/Frameworks/AppKit.framework; sourceTree = SDKROOT; };
		CD6815C515503EE50098DA3A /* CoreData.framework */ = {isa = PBXFileReference; lastKnownFileType = wrapper.framework; name = CoreData.framework; path = System/Library/Frameworks/CoreData.framework; sourceTree = SDKROOT; };
		CD6815C615503EE50098DA3A /* Foundation.framework */ = {isa = PBXFileReference; lastKnownFileType = wrapper.framework; name = Foundation.framework; path = System/Library/Frameworks/Foundation.framework; sourceTree = SDKROOT; };
		CD6815C915503EE50098DA3A /* Aether-Info.plist */ = {isa = PBXFileReference; lastKnownFileType = text.plist.xml; path = "Aether-Info.plist"; sourceTree = "<group>"; };
		CD6815CB15503EE50098DA3A /* en */ = {isa = PBXFileReference; lastKnownFileType = text.plist.strings; name = en; path = en.lproj/InfoPlist.strings; sourceTree = "<group>"; };
		CD6815CD15503EE50098DA3A /* main.m */ = {isa = PBXFileReference; lastKnownFileType = sourcecode.c.objc; path = main.m; sourceTree = "<group>"; };
		CD6815CF15503EE60098DA3A /* Aether-Prefix.pch */ = {isa = PBXFileReference; lastKnownFileType = sourcecode.c.h; path = "Aether-Prefix.pch"; sourceTree = "<group>"; };
		CD6815D115503EE60098DA3A /* en */ = {isa = PBXFileReference; lastKnownFileType = text.rtf; name = en; path = en.lproj/Credits.rtf; sourceTree = "<group>"; };
		CD6815D315503EE60098DA3A /* AppDelegate.h */ = {isa = PBXFileReference; lastKnownFileType = sourcecode.c.h; path = AppDelegate.h; sourceTree = "<group>"; };
		CD6815D415503EE60098DA3A /* AppDelegate.m */ = {isa = PBXFileReference; lastKnownFileType = sourcecode.c.objc; path = AppDelegate.m; sourceTree = "<group>"; };
		CD6815D715503EE60098DA3A /* en */ = {isa = PBXFileReference; lastKnownFileType = file.xib; name = en; path = en.lproj/MainMenu.xib; sourceTree = "<group>"; };
		CD9CCA8D1551961D0015545E /* ShadeRec.h */ = {isa = PBXFileReference; fileEncoding = 4; lastKnownFileType = sourcecode.c.h; name = ShadeRec.h; path = engine/ShadeRec.h; sourceTree = SOURCE_ROOT; };
		CDA48C8C1550D728008D89AE /* Test */ = {isa = PBXFileReference; explicitFileType = "compiled.mach-o.executable"; includeInIndex = 0; path = Test; sourceTree = BUILT_PRODUCTS_DIR; };
		CDA821421551A0A8002C6BCB /* main.cpp */ = {isa = PBXFileReference; fileEncoding = 4; lastKnownFileType = sourcecode.cpp.cpp; path = main.cpp; sourceTree = "<group>"; };
		CDA821531551A7A3002C6BCB /* Color.h */ = {isa = PBXFileReference; lastKnownFileType = sourcecode.c.h; path = Color.h; sourceTree = "<group>"; };
		CDA821581551AE16002C6BCB /* Math.h */ = {isa = PBXFileReference; fileEncoding = 4; lastKnownFileType = sourcecode.c.h; name = Math.h; path = engine/Math.h; sourceTree = SOURCE_ROOT; };
		CDA821591551AE16002C6BCB /* Normal3D.cpp */ = {isa = PBXFileReference; fileEncoding = 4; lastKnownFileType = sourcecode.cpp.cpp; name = Normal3D.cpp; path = engine/Normal3D.cpp; sourceTree = SOURCE_ROOT; };
		CDA8215A1551AE16002C6BCB /* Normal3D.h */ = {isa = PBXFileReference; fileEncoding = 4; lastKnownFileType = sourcecode.c.h; name = Normal3D.h; path = engine/Normal3D.h; sourceTree = SOURCE_ROOT; };
		CDA8215B1551AE16002C6BCB /* Point3D.cpp */ = {isa = PBXFileReference; fileEncoding = 4; lastKnownFileType = sourcecode.cpp.cpp; name = Point3D.cpp; path = engine/Point3D.cpp; sourceTree = SOURCE_ROOT; };
		CDA8215C1551AE16002C6BCB /* Point3D.h */ = {isa = PBXFileReference; fileEncoding = 4; lastKnownFileType = sourcecode.c.h; name = Point3D.h; path = engine/Point3D.h; sourceTree = SOURCE_ROOT; };
		CDA8215D1551AE16002C6BCB /* Ray3D.h */ = {isa = PBXFileReference; fileEncoding = 4; lastKnownFileType = sourcecode.c.h; name = Ray3D.h; path = engine/Ray3D.h; sourceTree = SOURCE_ROOT; };
		CDA8215E1551AE16002C6BCB /* Vector3D.cpp */ = {isa = PBXFileReference; fileEncoding = 4; lastKnownFileType = sourcecode.cpp.cpp; name = Vector3D.cpp; path = engine/Vector3D.cpp; sourceTree = SOURCE_ROOT; };
		CDA8215F1551AE16002C6BCB /* Vector3D.h */ = {isa = PBXFileReference; fileEncoding = 4; lastKnownFileType = sourcecode.c.h; name = Vector3D.h; path = engine/Vector3D.h; sourceTree = SOURCE_ROOT; };
		CDA821661551AE2F002C6BCB /* Plane.cpp */ = {isa = PBXFileReference; fileEncoding = 4; lastKnownFileType = sourcecode.cpp.cpp; name = Plane.cpp; path = engine/Plane.cpp; sourceTree = SOURCE_ROOT; };
		CDA821671551AE2F002C6BCB /* Plane.h */ = {isa = PBXFileReference; fileEncoding = 4; lastKnownFileType = sourcecode.c.h; name = Plane.h; path = engine/Plane.h; sourceTree = SOURCE_ROOT; };
		CDA821681551AE2F002C6BCB /* Shape.h */ = {isa = PBXFileReference; fileEncoding = 4; lastKnownFileType = sourcecode.c.h; name = Shape.h; path = engine/Shape.h; sourceTree = SOURCE_ROOT; };
		CDA821691551AE2F002C6BCB /* Sphere.cpp */ = {isa = PBXFileReference; fileEncoding = 4; lastKnownFileType = sourcecode.cpp.cpp; name = Sphere.cpp; path = engine/Sphere.cpp; sourceTree = SOURCE_ROOT; };
		CDA8216A1551AE2F002C6BCB /* Sphere.h */ = {isa = PBXFileReference; fileEncoding = 4; lastKnownFileType = sourcecode.c.h; name = Sphere.h; path = engine/Sphere.h; sourceTree = SOURCE_ROOT; };
		CDA8216F1551AE8C002C6BCB /* SphereTests.cpp */ = {isa = PBXFileReference; fileEncoding = 4; lastKnownFileType = sourcecode.cpp.cpp; name = SphereTests.cpp; path = tests/SphereTests.cpp; sourceTree = SOURCE_ROOT; };
		CDA821711551AEB6002C6BCB /* Vector3DTests.cpp */ = {isa = PBXFileReference; fileEncoding = 4; lastKnownFileType = sourcecode.cpp.cpp; name = Vector3DTests.cpp; path = tests/Vector3DTests.cpp; sourceTree = SOURCE_ROOT; };
		CDA9CE9415503F8400135971 /* AppController.h */ = {isa = PBXFileReference; fileEncoding = 4; lastKnownFileType = sourcecode.c.h; path = AppController.h; sourceTree = "<group>"; };
		CDA9CE9515503F8400135971 /* AppController.mm */ = {isa = PBXFileReference; fileEncoding = 4; lastKnownFileType = sourcecode.cpp.objcpp; path = AppController.mm; sourceTree = "<group>"; };
		CDCE09E31552226A0013A3E3 /* Film.h */ = {isa = PBXFileReference; lastKnownFileType = sourcecode.c.h; path = Film.h; sourceTree = "<group>"; };
		CDCE09E4155224BE0013A3E3 /* Scene.h */ = {isa = PBXFileReference; lastKnownFileType = sourcecode.c.h; path = Scene.h; sourceTree = "<group>"; };
/* End PBXFileReference section */

/* Begin PBXFrameworksBuildPhase section */
		CD6815BA15503EE50098DA3A /* Frameworks */ = {
			isa = PBXFrameworksBuildPhase;
			buildActionMask = 2147483647;
			files = (
				CD6815C215503EE50098DA3A /* Cocoa.framework in Frameworks */,
			);
			runOnlyForDeploymentPostprocessing = 0;
		};
		CDA48C891550D728008D89AE /* Frameworks */ = {
			isa = PBXFrameworksBuildPhase;
			buildActionMask = 2147483647;
			files = (
			);
			runOnlyForDeploymentPostprocessing = 0;
		};
/* End PBXFrameworksBuildPhase section */

/* Begin PBXGroup section */
		CD3C11701552E47600961F4D /* Sampling */ = {
			isa = PBXGroup;
			children = (
				CD3C1187155511DC00961F4D /* Sample.cpp */,
				CD3C11721552E49B00961F4D /* Sample.h */,
				CD3C11841554567D00961F4D /* Sampler.cpp */,
				CD3C11781552ED0E00961F4D /* Sampler.h */,
				CD3C11811554565200961F4D /* RegularSampler.cpp */,
				CD3C11801554561200961F4D /* RegularSampler.h */,
			);
			name = Sampling;
			sourceTree = "<group>";
		};
		CD3C11941555280100961F4D /* Sampling */ = {
			isa = PBXGroup;
			children = (
				CD3C11951555281000961F4D /* RegularSamplerTests.cpp */,
			);
			name = Sampling;
			sourceTree = "<group>";
		};
		CD6328511551B05400DADA5F /* Cameras */ = {
			isa = PBXGroup;
			children = (
				CD3C114A1552B27100961F4D /* Camera.cpp */,
				CD6328521551B06400DADA5F /* Camera.h */,
				CD3C118D155514E900961F4D /* OrthographicCamera.cpp */,
				CD3C11731552E6E100961F4D /* OrthographicCamera.h */,
				CD3C11901555156B00961F4D /* ProjectionCamera.cpp */,
				CD3C11741552E79700961F4D /* ProjectionCamera.h */,
				CD3C11A015559F8900961F4D /* PinholeCamera.cpp */,
				CD3C119F15559F6800961F4D /* PinholeCamera.h */,
			);
			name = Cameras;
			sourceTree = "<group>";
		};
		CD6815B215503EE50098DA3A = {
			isa = PBXGroup;
			children = (
				CDA48C4A155046CC008D89AE /* Engine */,
				CD6815C715503EE50098DA3A /* GUI */,
				CDA48C6E1550D5DF008D89AE /* Tests */,
				CD6815C015503EE50098DA3A /* Frameworks */,
				CD6815BE15503EE50098DA3A /* Products */,
			);
			sourceTree = "<group>";
		};
		CD6815BE15503EE50098DA3A /* Products */ = {
			isa = PBXGroup;
			children = (
				CD6815BD15503EE50098DA3A /* Aether.app */,
				CDA48C8C1550D728008D89AE /* Test */,
			);
			name = Products;
			sourceTree = "<group>";
		};
		CD6815C015503EE50098DA3A /* Frameworks */ = {
			isa = PBXGroup;
			children = (
				CD6815C115503EE50098DA3A /* Cocoa.framework */,
				CD6815C315503EE50098DA3A /* Other Frameworks */,
			);
			name = Frameworks;
			sourceTree = "<group>";
		};
		CD6815C315503EE50098DA3A /* Other Frameworks */ = {
			isa = PBXGroup;
			children = (
				CD6815C415503EE50098DA3A /* AppKit.framework */,
				CD6815C515503EE50098DA3A /* CoreData.framework */,
				CD6815C615503EE50098DA3A /* Foundation.framework */,
			);
			name = "Other Frameworks";
			sourceTree = "<group>";
		};
		CD6815C715503EE50098DA3A /* GUI */ = {
			isa = PBXGroup;
			children = (
				CDA9CE9415503F8400135971 /* AppController.h */,
				CDA9CE9515503F8400135971 /* AppController.mm */,
				CD6815D315503EE60098DA3A /* AppDelegate.h */,
				CD6815D415503EE60098DA3A /* AppDelegate.m */,
				CD6815D615503EE60098DA3A /* MainMenu.xib */,
				CD6815C815503EE50098DA3A /* Supporting Files */,
			);
			name = GUI;
			path = gui/osx;
			sourceTree = "<group>";
		};
		CD6815C815503EE50098DA3A /* Supporting Files */ = {
			isa = PBXGroup;
			children = (
				CD6815C915503EE50098DA3A /* Aether-Info.plist */,
				CD6815CA15503EE50098DA3A /* InfoPlist.strings */,
				CD6815CD15503EE50098DA3A /* main.m */,
				CD6815CF15503EE60098DA3A /* Aether-Prefix.pch */,
				CD6815D015503EE60098DA3A /* Credits.rtf */,
			);
			name = "Supporting Files";
			sourceTree = "<group>";
		};
		CD9CCA81155194DA0015545E /* Shapes */ = {
			isa = PBXGroup;
			children = (
				CDA821661551AE2F002C6BCB /* Plane.cpp */,
				CDA821671551AE2F002C6BCB /* Plane.h */,
				CDA821681551AE2F002C6BCB /* Shape.h */,
				CDA821691551AE2F002C6BCB /* Sphere.cpp */,
				CDA8216A1551AE2F002C6BCB /* Sphere.h */,
			);
			name = Shapes;
			path = shapes;
			sourceTree = "<group>";
		};
		CD9CCA95155197E80015545E /* Math */ = {
			isa = PBXGroup;
			children = (
				CDA821711551AEB6002C6BCB /* Vector3DTests.cpp */,
			);
			name = Math;
			path = math;
			sourceTree = "<group>";
		};
		CDA48C4A155046CC008D89AE /* Engine */ = {
			isa = PBXGroup;
			children = (
				CDCE09E21552225D0013A3E3 /* Films */,
				CD6328511551B05400DADA5F /* Cameras */,
				CDA821451551A5F7002C6BCB /* Math */,
				CD3C11701552E47600961F4D /* Sampling */,
				CD9CCA81155194DA0015545E /* Shapes */,
				CD3C117C1554512200961F4D /* Aether.cpp */,
				CD3C11931555186100961F4D /* Aether.h */,
				CD3C117915544E2800961F4D /* Color.cpp */,
				CDA821531551A7A3002C6BCB /* Color.h */,
				CD9CCA8D1551961D0015545E /* ShadeRec.h */,
				CD3C11751552EA9200961F4D /* Scene.cpp */,
				CDCE09E4155224BE0013A3E3 /* Scene.h */,
			);
			name = Engine;
			path = engine;
			sourceTree = "<group>";
		};
		CDA48C6E1550D5DF008D89AE /* Tests */ = {
			isa = PBXGroup;
			children = (
				CD3C11941555280100961F4D /* Sampling */,
				CD9CCA95155197E80015545E /* Math */,
				CDA82133155199F1002C6BCB /* Shapes */,
				CDA821421551A0A8002C6BCB /* main.cpp */,
			);
			name = Tests;
			path = tests;
			sourceTree = "<group>";
		};
		CDA82133155199F1002C6BCB /* Shapes */ = {
			isa = PBXGroup;
			children = (
				CDA8216F1551AE8C002C6BCB /* SphereTests.cpp */,
				CD3C114F1552CE6700961F4D /* PlaneTests.cpp */,
			);
			name = Shapes;
			path = tests/shapes;
			sourceTree = "<group>";
		};
		CDA821451551A5F7002C6BCB /* Math */ = {
			isa = PBXGroup;
			children = (
				CDA821581551AE16002C6BCB /* Math.h */,
				CD3C1199155535A900961F4D /* Matrix3D.cpp */,
				CD3C114E1552CDE800961F4D /* Matrix3D.h */,
				CDA821591551AE16002C6BCB /* Normal3D.cpp */,
				CDA8215A1551AE16002C6BCB /* Normal3D.h */,
				CDA8215B1551AE16002C6BCB /* Point3D.cpp */,
				CDA8215C1551AE16002C6BCB /* Point3D.h */,
				CDA8215D1551AE16002C6BCB /* Ray3D.h */,
				CDA8215E1551AE16002C6BCB /* Vector3D.cpp */,
				CDA8215F1551AE16002C6BCB /* Vector3D.h */,
			);
			name = Math;
			path = math;
			sourceTree = "<group>";
		};
		CDCE09E21552225D0013A3E3 /* Films */ = {
			isa = PBXGroup;
			children = (
				CD3C119C15559A6D00961F4D /* Film.cpp */,
				CDCE09E31552226A0013A3E3 /* Film.h */,
				CD3C118A1555122E00961F4D /* InMemoryFilm.cpp */,
				CD3C117F1554521E00961F4D /* InMemoryFilm.h */,
			);
			name = Films;
			sourceTree = "<group>";
		};
/* End PBXGroup section */

/* Begin PBXNativeTarget section */
		CD6815BC15503EE50098DA3A /* Aether */ = {
			isa = PBXNativeTarget;
			buildConfigurationList = CD6815DB15503EE60098DA3A /* Build configuration list for PBXNativeTarget "Aether" */;
			buildPhases = (
				CD6815B915503EE50098DA3A /* Sources */,
				CD6815BA15503EE50098DA3A /* Frameworks */,
				CD6815BB15503EE50098DA3A /* Resources */,
			);
			buildRules = (
			);
			dependencies = (
			);
			name = Aether;
			productName = Aether;
			productReference = CD6815BD15503EE50098DA3A /* Aether.app */;
			productType = "com.apple.product-type.application";
		};
		CDA48C8B1550D728008D89AE /* Test */ = {
			isa = PBXNativeTarget;
			buildConfigurationList = CDA48C931550D728008D89AE /* Build configuration list for PBXNativeTarget "Test" */;
			buildPhases = (
				CDA48C881550D728008D89AE /* Sources */,
				CDA48C891550D728008D89AE /* Frameworks */,
				CDA48C8A1550D728008D89AE /* CopyFiles */,
			);
			buildRules = (
			);
			dependencies = (
			);
			name = Test;
			productName = Test;
			productReference = CDA48C8C1550D728008D89AE /* Test */;
			productType = "com.apple.product-type.tool";
		};
/* End PBXNativeTarget section */

/* Begin PBXProject section */
		CD6815B415503EE50098DA3A /* Project object */ = {
			isa = PBXProject;
			attributes = {
				LastUpgradeCheck = 0430;
			};
			buildConfigurationList = CD6815B715503EE50098DA3A /* Build configuration list for PBXProject "Aether" */;
			compatibilityVersion = "Xcode 3.2";
			developmentRegion = English;
			hasScannedForEncodings = 0;
			knownRegions = (
				en,
			);
			mainGroup = CD6815B215503EE50098DA3A;
			productRefGroup = CD6815BE15503EE50098DA3A /* Products */;
			projectDirPath = "";
			projectRoot = "";
			targets = (
				CD6815BC15503EE50098DA3A /* Aether */,
				CDA48C8B1550D728008D89AE /* Test */,
			);
		};
/* End PBXProject section */

/* Begin PBXResourcesBuildPhase section */
		CD6815BB15503EE50098DA3A /* Resources */ = {
			isa = PBXResourcesBuildPhase;
			buildActionMask = 2147483647;
			files = (
				CD6815CC15503EE50098DA3A /* InfoPlist.strings in Resources */,
				CD6815D215503EE60098DA3A /* Credits.rtf in Resources */,
				CD6815D815503EE60098DA3A /* MainMenu.xib in Resources */,
			);
			runOnlyForDeploymentPostprocessing = 0;
		};
/* End PBXResourcesBuildPhase section */

/* Begin PBXSourcesBuildPhase section */
		CD6815B915503EE50098DA3A /* Sources */ = {
			isa = PBXSourcesBuildPhase;
			buildActionMask = 2147483647;
			files = (
				CD6815CE15503EE50098DA3A /* main.m in Sources */,
				CD6815D515503EE60098DA3A /* AppDelegate.m in Sources */,
				CDA9CE9615503F8400135971 /* AppController.mm in Sources */,
				CDA821601551AE16002C6BCB /* Normal3D.cpp in Sources */,
				CDA821621551AE16002C6BCB /* Point3D.cpp in Sources */,
				CDA821641551AE16002C6BCB /* Vector3D.cpp in Sources */,
				CDA8216B1551AE2F002C6BCB /* Plane.cpp in Sources */,
				CDA8216D1551AE2F002C6BCB /* Sphere.cpp in Sources */,
				CD3C114B1552B27100961F4D /* Camera.cpp in Sources */,
				CD3C11761552EA9200961F4D /* Scene.cpp in Sources */,
				CD3C117A15544E2800961F4D /* Color.cpp in Sources */,
				CD3C117D1554512200961F4D /* Aether.cpp in Sources */,
				CD3C11821554565200961F4D /* RegularSampler.cpp in Sources */,
				CD3C11851554567D00961F4D /* Sampler.cpp in Sources */,
				CD3C1188155511DD00961F4D /* Sample.cpp in Sources */,
				CD3C118B1555122E00961F4D /* InMemoryFilm.cpp in Sources */,
				CD3C118E155514E900961F4D /* OrthographicCamera.cpp in Sources */,
				CD3C11911555156B00961F4D /* ProjectionCamera.cpp in Sources */,
				CD3C119A155535A900961F4D /* Matrix3D.cpp in Sources */,
				CD3C119D15559A6D00961F4D /* Film.cpp in Sources */,
				CD3C11A115559F8A00961F4D /* PinholeCamera.cpp in Sources */,
			);
			runOnlyForDeploymentPostprocessing = 0;
		};
		CDA48C881550D728008D89AE /* Sources */ = {
			isa = PBXSourcesBuildPhase;
			buildActionMask = 2147483647;
			files = (
				CDA821431551A0A8002C6BCB /* main.cpp in Sources */,
				CDA821611551AE16002C6BCB /* Normal3D.cpp in Sources */,
				CDA821631551AE16002C6BCB /* Point3D.cpp in Sources */,
				CDA821651551AE16002C6BCB /* Vector3D.cpp in Sources */,
				CDA8216C1551AE2F002C6BCB /* Plane.cpp in Sources */,
				CDA8216E1551AE2F002C6BCB /* Sphere.cpp in Sources */,
				CDA821701551AE8C002C6BCB /* SphereTests.cpp in Sources */,
				CDA821721551AEB6002C6BCB /* Vector3DTests.cpp in Sources */,
				CD3C114C1552B27100961F4D /* Camera.cpp in Sources */,
				CD3C11501552CE6700961F4D /* PlaneTests.cpp in Sources */,
				CD3C11771552EA9200961F4D /* Scene.cpp in Sources */,
				CD3C117B15544E2800961F4D /* Color.cpp in Sources */,
				CD3C117E1554512200961F4D /* Aether.cpp in Sources */,
				CD3C11831554565200961F4D /* RegularSampler.cpp in Sources */,
				CD3C11861554567D00961F4D /* Sampler.cpp in Sources */,
				CD3C1189155511DD00961F4D /* Sample.cpp in Sources */,
				CD3C118C1555122E00961F4D /* InMemoryFilm.cpp in Sources */,
				CD3C118F155514E900961F4D /* OrthographicCamera.cpp in Sources */,
				CD3C11921555156B00961F4D /* ProjectionCamera.cpp in Sources */,
				CD3C119815552A4300961F4D /* RegularSamplerTests.cpp in Sources */,
				CD3C119B155535A900961F4D /* Matrix3D.cpp in Sources */,
				CD3C119E15559A6D00961F4D /* Film.cpp in Sources */,
				CD3C11A215559F8A00961F4D /* PinholeCamera.cpp in Sources */,
			);
			runOnlyForDeploymentPostprocessing = 0;
		};
/* End PBXSourcesBuildPhase section */

/* Begin PBXVariantGroup section */
		CD6815CA15503EE50098DA3A /* InfoPlist.strings */ = {
			isa = PBXVariantGroup;
			children = (
				CD6815CB15503EE50098DA3A /* en */,
			);
			name = InfoPlist.strings;
			sourceTree = "<group>";
		};
		CD6815D015503EE60098DA3A /* Credits.rtf */ = {
			isa = PBXVariantGroup;
			children = (
				CD6815D115503EE60098DA3A /* en */,
			);
			name = Credits.rtf;
			sourceTree = "<group>";
		};
		CD6815D615503EE60098DA3A /* MainMenu.xib */ = {
			isa = PBXVariantGroup;
			children = (
				CD6815D715503EE60098DA3A /* en */,
			);
			name = MainMenu.xib;
			sourceTree = "<group>";
		};
/* End PBXVariantGroup section */

/* Begin XCBuildConfiguration section */
		CD6815D915503EE60098DA3A /* Debug */ = {
			isa = XCBuildConfiguration;
			buildSettings = {
				ALWAYS_SEARCH_USER_PATHS = NO;
				ARCHS = "$(ARCHS_STANDARD_64_BIT)";
				CLANG_ENABLE_OBJC_ARC = YES;
				COPY_PHASE_STRIP = NO;
				GCC_C_LANGUAGE_STANDARD = gnu99;
				GCC_DYNAMIC_NO_PIC = NO;
				GCC_ENABLE_OBJC_EXCEPTIONS = YES;
				GCC_OPTIMIZATION_LEVEL = 0;
				GCC_PREPROCESSOR_DEFINITIONS = (
					"DEBUG=1",
					"$(inherited)",
				);
				GCC_SYMBOLS_PRIVATE_EXTERN = NO;
				GCC_VERSION = com.apple.compilers.llvm.clang.1_0;
				GCC_WARN_64_TO_32_BIT_CONVERSION = YES;
				GCC_WARN_ABOUT_RETURN_TYPE = YES;
				GCC_WARN_UNINITIALIZED_AUTOS = YES;
				GCC_WARN_UNUSED_VARIABLE = YES;
				MACOSX_DEPLOYMENT_TARGET = 10.7;
				ONLY_ACTIVE_ARCH = YES;
				SDKROOT = macosx;
			};
			name = Debug;
		};
		CD6815DA15503EE60098DA3A /* Release */ = {
			isa = XCBuildConfiguration;
			buildSettings = {
				ALWAYS_SEARCH_USER_PATHS = NO;
				ARCHS = "$(ARCHS_STANDARD_64_BIT)";
				CLANG_ENABLE_OBJC_ARC = YES;
				COPY_PHASE_STRIP = YES;
				DEBUG_INFORMATION_FORMAT = "dwarf-with-dsym";
				GCC_C_LANGUAGE_STANDARD = gnu99;
				GCC_ENABLE_OBJC_EXCEPTIONS = YES;
				GCC_VERSION = com.apple.compilers.llvm.clang.1_0;
				GCC_WARN_64_TO_32_BIT_CONVERSION = YES;
				GCC_WARN_ABOUT_RETURN_TYPE = YES;
				GCC_WARN_UNINITIALIZED_AUTOS = YES;
				GCC_WARN_UNUSED_VARIABLE = YES;
				MACOSX_DEPLOYMENT_TARGET = 10.7;
				SDKROOT = macosx;
			};
			name = Release;
		};
		CD6815DC15503EE60098DA3A /* Debug */ = {
			isa = XCBuildConfiguration;
			buildSettings = {
				CLANG_CXX_LANGUAGE_STANDARD = "c++0x";
				CLANG_CXX_LIBRARY = "libc++";
				FRAMEWORK_SEARCH_PATHS = (
					"$(inherited)",
					"\"$(SRCROOT)/tests/3rdparty\"",
				);
				GCC_PRECOMPILE_PREFIX_HEADER = YES;
				GCC_PREFIX_HEADER = "gui/osx/Aether-Prefix.pch";
				INFOPLIST_FILE = "gui/osx/Aether-Info.plist";
				PRODUCT_NAME = "$(TARGET_NAME)";
				USER_HEADER_SEARCH_PATHS = "$(inherited) \"$(SRCROOT)/tests/3rdparty\"";
				WRAPPER_EXTENSION = app;
			};
			name = Debug;
		};
		CD6815DD15503EE60098DA3A /* Release */ = {
			isa = XCBuildConfiguration;
			buildSettings = {
				CLANG_CXX_LANGUAGE_STANDARD = "c++0x";
				CLANG_CXX_LIBRARY = "libc++";
				FRAMEWORK_SEARCH_PATHS = (
					"$(inherited)",
					"\"$(SRCROOT)/tests/3rdparty\"",
				);
				GCC_PRECOMPILE_PREFIX_HEADER = YES;
				GCC_PREFIX_HEADER = "gui/osx/Aether-Prefix.pch";
				INFOPLIST_FILE = "gui/osx/Aether-Info.plist";
				PRODUCT_NAME = "$(TARGET_NAME)";
				USER_HEADER_SEARCH_PATHS = "$(inherited) \"$(SRCROOT)/tests/3rdparty\"";
				WRAPPER_EXTENSION = app;
			};
			name = Release;
		};
		CDA48C941550D728008D89AE /* Debug */ = {
			isa = XCBuildConfiguration;
			buildSettings = {
				CLANG_CXX_LANGUAGE_STANDARD = "c++0x";
				CLANG_CXX_LIBRARY = "libc++";
				FRAMEWORK_SEARCH_PATHS = (
					"$(inherited)",
					"\"$(SRCROOT)/tests/3rdparty\"",
				);
				HEADER_SEARCH_PATHS = "\"$(SRCROOT)/tests\"";
				PRODUCT_NAME = "$(TARGET_NAME)";
				USER_HEADER_SEARCH_PATHS = "$(inherited) \"$(SRCROOT)/../tools\" \"$(SRCROOT)/tests/3rdparty\"";
			};
			name = Debug;
		};
		CDA48C951550D728008D89AE /* Release */ = {
			isa = XCBuildConfiguration;
			buildSettings = {
				CLANG_CXX_LANGUAGE_STANDARD = "c++0x";
				CLANG_CXX_LIBRARY = "libc++";
				FRAMEWORK_SEARCH_PATHS = (
					"$(inherited)",
					"\"$(SRCROOT)/tests/3rdparty\"",
				);
				HEADER_SEARCH_PATHS = "\"$(SRCROOT)/tests\"";
				PRODUCT_NAME = "$(TARGET_NAME)";
				USER_HEADER_SEARCH_PATHS = "$(inherited) \"$(SRCROOT)/../tools\" \"$(SRCROOT)/tests/3rdparty\"";
			};
			name = Release;
		};
/* End XCBuildConfiguration section */

/* Begin XCConfigurationList section */
		CD6815B715503EE50098DA3A /* Build configuration list for PBXProject "Aether" */ = {
			isa = XCConfigurationList;
			buildConfigurations = (
				CD6815D915503EE60098DA3A /* Debug */,
				CD6815DA15503EE60098DA3A /* Release */,
			);
			defaultConfigurationIsVisible = 0;
			defaultConfigurationName = Release;
		};
		CD6815DB15503EE60098DA3A /* Build configuration list for PBXNativeTarget "Aether" */ = {
			isa = XCConfigurationList;
			buildConfigurations = (
				CD6815DC15503EE60098DA3A /* Debug */,
				CD6815DD15503EE60098DA3A /* Release */,
			);
			defaultConfigurationIsVisible = 0;
			defaultConfigurationName = Release;
		};
		CDA48C931550D728008D89AE /* Build configuration list for PBXNativeTarget "Test" */ = {
			isa = XCConfigurationList;
			buildConfigurations = (
				CDA48C941550D728008D89AE /* Debug */,
				CDA48C951550D728008D89AE /* Release */,
			);
			defaultConfigurationIsVisible = 0;
			defaultConfigurationName = Release;
		};
/* End XCConfigurationList section */
	};
	rootObject = CD6815B415503EE50098DA3A /* Project object */;
}
